
Microsoft Visual Studio Solution File, Format Version 12.00
# Visual Studio Version 16
VisualStudioVersion = 16.0.33927.289
MinimumVisualStudioVersion = 10.0.40219.1
Project("{9A19103F-16F7-4668-BE54-9A1E7A4F7556}") = "Exercise 1", "Exercise 1\Exercise 1.csproj", "{CC6AE9AE-BD2E-4429-95D6-9A17210B22EF}"
EndProject
Project("{9A19103F-16F7-4668-BE54-9A1E7A4F7556}") = "Exercise 2", "Exercise 2\Exercise 2.csproj", "{E8BA7AB7-64B5-41C3-826B-72AC75E5E78F}"
EndProject
Project("{9A19103F-16F7-4668-BE54-9A1E7A4F7556}") = "Exercise 3", "Exercise 3\Exercise 3.csproj", "{857FFF55-9F21-4052-975B-DF16333D85EA}"
EndProject
Global
	GlobalSection(SolutionConfigurationPlatforms) = preSolution
		Debug|Any CPU = Debug|Any CPU
		Release|Any CPU = Release|Any CPU
	EndGlobalSection
	GlobalSection(ProjectConfigurationPlatforms) = postSolution
		{CC6AE9AE-BD2E-4429-95D6-9A17210B22EF}.Debug|Any CPU.ActiveCfg = Debug|Any CPU
		{CC6AE9AE-BD2E-4429-95D6-9A17210B22EF}.Debug|Any CPU.Build.0 = Debug|Any CPU
		{CC6AE9AE-BD2E-4429-95D6-9A17210B22EF}.Release|Any CPU.ActiveCfg = Release|Any CPU
		{CC6AE9AE-BD2E-4429-95D6-9A17210B22EF}.Release|Any CPU.Build.0 = Release|Any CPU
		{E8BA7AB7-64B5-41C3-826B-72AC75E5E78F}.Debug|Any CPU.ActiveCfg = Debug|Any CPU
		{E8BA7AB7-64B5-41C3-826B-72AC75E5E78F}.Debug|Any CPU.Build.0 = Debug|Any CPU
		{E8BA7AB7-64B5-41C3-826B-72AC75E5E78F}.Release|Any CPU.ActiveCfg = Release|Any CPU
		{E8BA7AB7-64B5-41C3-826B-72AC75E5E78F}.Release|Any CPU.Build.0 = Release|Any CPU
		{857FFF55-9F21-4052-975B-DF16333D85EA}.Debug|Any CPU.ActiveCfg = Debug|Any CPU
		{857FFF55-9F21-4052-975B-DF16333D85EA}.Debug|Any CPU.Build.0 = Debug|Any CPU
		{857FFF55-9F21-4052-975B-DF16333D85EA}.Release|Any CPU.ActiveCfg = Release|Any CPU
		{857FFF55-9F21-4052-975B-DF16333D85EA}.Release|Any CPU.Build.0 = Release|Any CPU
	EndGlobalSection
	GlobalSection(SolutionProperties) = preSolution
		HideSolutionNode = FALSE
	EndGlobalSection
	GlobalSection(ExtensibilityGlobals) = postSolution
		SolutionGuid = {7AC2E321-2160-404E-B39A-E78EB9C1DDD2}
	EndGlobalSection
EndGlobal
